PODS:
  - AFNetworking (3.2.1):
    - AFNetworking/NSURLSession (= 3.2.1)
    - AFNetworking/Reachability (= 3.2.1)
    - AFNetworking/Security (= 3.2.1)
    - AFNetworking/Serialization (= 3.2.1)
    - AFNetworking/UIKit (= 3.2.1)
  - AFNetworking/NSURLSession (3.2.1):
    - AFNetworking/Reachability
    - AFNetworking/Security
    - AFNetworking/Serialization
  - AFNetworking/Reachability (3.2.1)
  - AFNetworking/Security (3.2.1)
  - AFNetworking/Serialization (3.2.1)
  - AFNetworking/UIKit (3.2.1):
    - AFNetworking/NSURLSession
  - HMSegmentedControl (1.5.5)
  - IQKeyboardManager (6.0.4)
  - M80AttributedLabel (1.7.0)
  - Masonry (1.1.0)
  - MBProgressHUD (1.1.0)
  - MJExtension (3.0.15.1)
  - MJRefresh (3.1.15.3)
  - NIMKit/Core (1.8.0):
    - M80AttributedLabel (>= 1.6.3)
    - SDWebImage (>= 4.0.0)
    - Toast (>= 3.0)
    - TZImagePickerController (>= 1.7.7)
  - NIMKit/Full (1.8.0):
    - NIMKit/Core
    - NIMSDK (~> 4.1.0)
  - NIMSDK (4.1.0)
  - SDWebImage (4.4.2):
    - SDWebImage/Core (= 4.4.2)
  - SDWebImage/Core (4.4.2)
  - Toast (4.0.0)
  - TZImagePickerController (3.0.8)

DEPENDENCIES:
  - AFNetworking (~> 3.2.1)
  - HMSegmentedControl
  - IQKeyboardManager
  - Masonry
  - MBProgressHUD
  - MJExtension
  - MJRefresh
  - NIMKit/Full
  - SDWebImage (~> 4.4.2)

SPEC REPOS:
  https://github.com/cocoapods/specs.git:
    - AFNetworking
    - HMSegmentedControl
    - IQKeyboardManager
    - M80AttributedLabel
    - Masonry
    - MBProgressHUD
    - MJExtension
    - MJRefresh
    - NIMKit
    - NIMSDK
    - SDWebImage
    - Toast
    - TZImagePickerController

SPEC CHECKSUMS:
  AFNetworking: b6f891fdfaed196b46c7a83cf209e09697b94057
  HMSegmentedControl: f514c6dad47aa3065e0ed2e8046b73efc71221b9
  IQKeyboardManager: 29514134ef0334a6fa33cf4eee11c36c064baeaf
  M80AttributedLabel: 7dd017588f524b13149d4cf5c7b1eaf02b0f06a4
  Masonry: 678fab65091a9290e40e2832a55e7ab731aad201
  MBProgressHUD: e7baa36a220447d8aeb12769bf0585582f3866d9
  MJExtension: 19bc33ce2eee2d319760f5622562cf581a6ff756
  MJRefresh: b48380ae2b927b46c4ef000de9adb8dc748e1df7
  NIMKit: 77326c7645e18b6517afa402caf0a90898429672
  NIMSDK: aa7c00ddc66181f75d8d970f7f5ab00ca95dd374
  SDWebImage: 624d6e296c69b244bcede364c72ae0430ac14681
  Toast: 91b396c56ee72a5790816f40d3a94dd357abc196
  TZImagePickerController: 9092aa0f97af1cb9643c0ea7d7e5a77802ec7245

PODFILE CHECKSUM: 44b5e3f8d6b4269f1459923516af43fa961b5cac

COCOAPODS: 1.5.3
